
Microsoft Visual Studio Solution File, Format Version 12.00
# Visual Studio Version 17
VisualStudioVersion = 17.6.33723.286
MinimumVisualStudioVersion = 10.0.40219.1
Project("{9A19103F-16F7-4668-BE54-9A1E7A4F7556}") = "NewsReader", "NewsReader\NewsReader.csproj", "{BDA64A35-83FD-4ABD-A870-CE80657963B0}"
EndProject
Project("{9A19103F-16F7-4668-BE54-9A1E7A4F7556}") = "NewsReader.Android", "NewsReader.Android\NewsReader.Android.csproj", "{64C38966-F2FF-4F4E-B098-6B01A373A496}"
EndProject
Project("{9A19103F-16F7-4668-BE54-9A1E7A4F7556}") = "NewsReader.Desktop", "NewsReader.Desktop\NewsReader.Desktop.csproj", "{519ECDFD-2962-4304-9266-3436B6771220}"
EndProject
Project("{9A19103F-16F7-4668-BE54-9A1E7A4F7556}") = "NewsReader.Browser", "NewsReader.Browser\NewsReader.Browser.csproj", "{F591AAF7-A2D8-4517-BBB6-3DA72DA133EF}"
EndProject
Project("{9A19103F-16F7-4668-BE54-9A1E7A4F7556}") = "OPML", "OPML\OPML.csproj", "{401D8EE2-E211-4FE9-8DAD-761657CA9D1C}"
EndProject
Project("{9A19103F-16F7-4668-BE54-9A1E7A4F7556}") = "NewsReader.Interfaces", "NewsReader.Interfaces\NewsReader.Interfaces.csproj", "{829A0EF5-5C5A-478C-9543-7B8B07364683}"
EndProject
Project("{2150E333-8FDC-42A3-9474-1A3956D46DE8}") = "UnitTests", "UnitTests", "{541D6EC4-3C84-46EE-AD16-1F6C8D7E1CB2}"
EndProject
Project("{9A19103F-16F7-4668-BE54-9A1E7A4F7556}") = "OPML.UnitTests", "UnitTests\OPML.UnitTests\OPML.UnitTests.csproj", "{1345DE66-1340-4CD8-BD5C-EA12267BE7BB}"
EndProject
Project("{9A19103F-16F7-4668-BE54-9A1E7A4F7556}") = "NewsReader.Core", "NewsReader.Core\NewsReader.Core.csproj", "{C52EB8C8-2949-49E6-A0F2-3B0BE09EB274}"
EndProject
Project("{2150E333-8FDC-42A3-9474-1A3956D46DE8}") = "DataStortage", "DataStortage", "{C8AF9A02-3625-4538-9D8C-1F739CB277D3}"
EndProject
Project("{9A19103F-16F7-4668-BE54-9A1E7A4F7556}") = "NewsReader.Models", "NewsReader.Models\NewsReader.Models.csproj", "{31FEE015-56C8-4899-8596-297E1BA8BB88}"
EndProject
Project("{9A19103F-16F7-4668-BE54-9A1E7A4F7556}") = "NewsReader.DataStorage.Interfaces", "NewsReader.DataStorage\Interfaces\NewsReader.DataStorage.Interfaces.csproj", "{BF8C70A4-6468-419B-BE17-DB9F66A685BA}"
EndProject
Project("{9A19103F-16F7-4668-BE54-9A1E7A4F7556}") = "NewsReader.DataStorage.SqlLite", "NewsReader.DataStorage\SqlLite\NewsReader.DataStorage.SqlLite.csproj", "{A44D8530-EE2E-4072-96D4-AF1E316AD406}"
EndProject
Project("{2150E333-8FDC-42A3-9474-1A3956D46DE8}") = "Services", "Services", "{0DE419D5-99CC-4D9F-B3D3-9668F54B158B}"
EndProject
Project("{9A19103F-16F7-4668-BE54-9A1E7A4F7556}") = "NewsReader.Services.Abstractions", "NewsReader.Services\NewsReader.Services.Abstractions\NewsReader.Services.Abstractions.csproj", "{F6856C95-4E51-41BD-BFC8-4FD50BCD387E}"
EndProject
Project("{9A19103F-16F7-4668-BE54-9A1E7A4F7556}") = "NewsReader.Services.Implementation", "NewsReader.Services\NewsReader.Services.Implementation\NewsReader.Services.Implementation.csproj", "{493AF9B8-9A85-46AE-947A-30C65E7A26A2}"
EndProject
Project("{9A19103F-16F7-4668-BE54-9A1E7A4F7556}") = "NewReader.ViewModels", "NewReader.ViewModels\NewReader.ViewModels.csproj", "{44663AF1-63F8-48BD-B425-612EF79DA50C}"
EndProject
Project("{FAE04EC0-301F-11D3-BF4B-00C04F79EFBC}") = "NewsReader.Utilities", "NewsReader.Utilities\NewsReader.Utilities.csproj", "{4C19B81D-0674-405E-8BAC-FB23A3721C4B}"
EndProject
Global
	GlobalSection(SolutionConfigurationPlatforms) = preSolution
		Debug|Any CPU = Debug|Any CPU
		Release|Any CPU = Release|Any CPU
	EndGlobalSection
	GlobalSection(ProjectConfigurationPlatforms) = postSolution
		{BDA64A35-83FD-4ABD-A870-CE80657963B0}.Debug|Any CPU.ActiveCfg = Debug|Any CPU
		{BDA64A35-83FD-4ABD-A870-CE80657963B0}.Debug|Any CPU.Build.0 = Debug|Any CPU
		{BDA64A35-83FD-4ABD-A870-CE80657963B0}.Release|Any CPU.ActiveCfg = Release|Any CPU
		{BDA64A35-83FD-4ABD-A870-CE80657963B0}.Release|Any CPU.Build.0 = Release|Any CPU
		{64C38966-F2FF-4F4E-B098-6B01A373A496}.Debug|Any CPU.ActiveCfg = Debug|Any CPU
		{64C38966-F2FF-4F4E-B098-6B01A373A496}.Debug|Any CPU.Build.0 = Debug|Any CPU
		{64C38966-F2FF-4F4E-B098-6B01A373A496}.Debug|Any CPU.Deploy.0 = Debug|Any CPU
		{64C38966-F2FF-4F4E-B098-6B01A373A496}.Release|Any CPU.ActiveCfg = Release|Any CPU
		{64C38966-F2FF-4F4E-B098-6B01A373A496}.Release|Any CPU.Build.0 = Release|Any CPU
		{519ECDFD-2962-4304-9266-3436B6771220}.Debug|Any CPU.ActiveCfg = Debug|Any CPU
		{519ECDFD-2962-4304-9266-3436B6771220}.Debug|Any CPU.Build.0 = Debug|Any CPU
		{519ECDFD-2962-4304-9266-3436B6771220}.Release|Any CPU.ActiveCfg = Release|Any CPU
		{519ECDFD-2962-4304-9266-3436B6771220}.Release|Any CPU.Build.0 = Release|Any CPU
		{F591AAF7-A2D8-4517-BBB6-3DA72DA133EF}.Debug|Any CPU.ActiveCfg = Debug|Any CPU
		{F591AAF7-A2D8-4517-BBB6-3DA72DA133EF}.Debug|Any CPU.Build.0 = Debug|Any CPU
		{F591AAF7-A2D8-4517-BBB6-3DA72DA133EF}.Release|Any CPU.ActiveCfg = Release|Any CPU
		{F591AAF7-A2D8-4517-BBB6-3DA72DA133EF}.Release|Any CPU.Build.0 = Release|Any CPU
		{401D8EE2-E211-4FE9-8DAD-761657CA9D1C}.Debug|Any CPU.ActiveCfg = Debug|Any CPU
		{401D8EE2-E211-4FE9-8DAD-761657CA9D1C}.Debug|Any CPU.Build.0 = Debug|Any CPU
		{401D8EE2-E211-4FE9-8DAD-761657CA9D1C}.Release|Any CPU.ActiveCfg = Release|Any CPU
		{401D8EE2-E211-4FE9-8DAD-761657CA9D1C}.Release|Any CPU.Build.0 = Release|Any CPU
		{829A0EF5-5C5A-478C-9543-7B8B07364683}.Debug|Any CPU.ActiveCfg = Debug|Any CPU
		{829A0EF5-5C5A-478C-9543-7B8B07364683}.Debug|Any CPU.Build.0 = Debug|Any CPU
		{829A0EF5-5C5A-478C-9543-7B8B07364683}.Release|Any CPU.ActiveCfg = Release|Any CPU
		{829A0EF5-5C5A-478C-9543-7B8B07364683}.Release|Any CPU.Build.0 = Release|Any CPU
		{1345DE66-1340-4CD8-BD5C-EA12267BE7BB}.Debug|Any CPU.ActiveCfg = Debug|Any CPU
		{1345DE66-1340-4CD8-BD5C-EA12267BE7BB}.Debug|Any CPU.Build.0 = Debug|Any CPU
		{1345DE66-1340-4CD8-BD5C-EA12267BE7BB}.Release|Any CPU.ActiveCfg = Release|Any CPU
		{1345DE66-1340-4CD8-BD5C-EA12267BE7BB}.Release|Any CPU.Build.0 = Release|Any CPU
		{C52EB8C8-2949-49E6-A0F2-3B0BE09EB274}.Debug|Any CPU.ActiveCfg = Debug|Any CPU
		{C52EB8C8-2949-49E6-A0F2-3B0BE09EB274}.Debug|Any CPU.Build.0 = Debug|Any CPU
		{C52EB8C8-2949-49E6-A0F2-3B0BE09EB274}.Release|Any CPU.ActiveCfg = Release|Any CPU
		{C52EB8C8-2949-49E6-A0F2-3B0BE09EB274}.Release|Any CPU.Build.0 = Release|Any CPU
		{31FEE015-56C8-4899-8596-297E1BA8BB88}.Debug|Any CPU.ActiveCfg = Debug|Any CPU
		{31FEE015-56C8-4899-8596-297E1BA8BB88}.Debug|Any CPU.Build.0 = Debug|Any CPU
		{31FEE015-56C8-4899-8596-297E1BA8BB88}.Release|Any CPU.ActiveCfg = Release|Any CPU
		{31FEE015-56C8-4899-8596-297E1BA8BB88}.Release|Any CPU.Build.0 = Release|Any CPU
		{BF8C70A4-6468-419B-BE17-DB9F66A685BA}.Debug|Any CPU.ActiveCfg = Debug|Any CPU
		{BF8C70A4-6468-419B-BE17-DB9F66A685BA}.Debug|Any CPU.Build.0 = Debug|Any CPU
		{BF8C70A4-6468-419B-BE17-DB9F66A685BA}.Release|Any CPU.ActiveCfg = Release|Any CPU
		{BF8C70A4-6468-419B-BE17-DB9F66A685BA}.Release|Any CPU.Build.0 = Release|Any CPU
		{A44D8530-EE2E-4072-96D4-AF1E316AD406}.Debug|Any CPU.ActiveCfg = Debug|Any CPU
		{A44D8530-EE2E-4072-96D4-AF1E316AD406}.Debug|Any CPU.Build.0 = Debug|Any CPU
		{A44D8530-EE2E-4072-96D4-AF1E316AD406}.Release|Any CPU.ActiveCfg = Release|Any CPU
		{A44D8530-EE2E-4072-96D4-AF1E316AD406}.Release|Any CPU.Build.0 = Release|Any CPU
		{F6856C95-4E51-41BD-BFC8-4FD50BCD387E}.Debug|Any CPU.ActiveCfg = Debug|Any CPU
		{F6856C95-4E51-41BD-BFC8-4FD50BCD387E}.Debug|Any CPU.Build.0 = Debug|Any CPU
		{F6856C95-4E51-41BD-BFC8-4FD50BCD387E}.Release|Any CPU.ActiveCfg = Release|Any CPU
		{F6856C95-4E51-41BD-BFC8-4FD50BCD387E}.Release|Any CPU.Build.0 = Release|Any CPU
		{493AF9B8-9A85-46AE-947A-30C65E7A26A2}.Debug|Any CPU.ActiveCfg = Debug|Any CPU
		{493AF9B8-9A85-46AE-947A-30C65E7A26A2}.Debug|Any CPU.Build.0 = Debug|Any CPU
		{493AF9B8-9A85-46AE-947A-30C65E7A26A2}.Release|Any CPU.ActiveCfg = Release|Any CPU
		{493AF9B8-9A85-46AE-947A-30C65E7A26A2}.Release|Any CPU.Build.0 = Release|Any CPU
		{44663AF1-63F8-48BD-B425-612EF79DA50C}.Debug|Any CPU.ActiveCfg = Debug|Any CPU
		{44663AF1-63F8-48BD-B425-612EF79DA50C}.Debug|Any CPU.Build.0 = Debug|Any CPU
		{44663AF1-63F8-48BD-B425-612EF79DA50C}.Release|Any CPU.ActiveCfg = Release|Any CPU
		{44663AF1-63F8-48BD-B425-612EF79DA50C}.Release|Any CPU.Build.0 = Release|Any CPU
		{4C19B81D-0674-405E-8BAC-FB23A3721C4B}.Debug|Any CPU.ActiveCfg = Debug|Any CPU
		{4C19B81D-0674-405E-8BAC-FB23A3721C4B}.Debug|Any CPU.Build.0 = Debug|Any CPU
		{4C19B81D-0674-405E-8BAC-FB23A3721C4B}.Release|Any CPU.ActiveCfg = Release|Any CPU
		{4C19B81D-0674-405E-8BAC-FB23A3721C4B}.Release|Any CPU.Build.0 = Release|Any CPU
	EndGlobalSection
	GlobalSection(SolutionProperties) = preSolution
		HideSolutionNode = FALSE
	EndGlobalSection
	GlobalSection(NestedProjects) = preSolution
		{1345DE66-1340-4CD8-BD5C-EA12267BE7BB} = {541D6EC4-3C84-46EE-AD16-1F6C8D7E1CB2}
		{BF8C70A4-6468-419B-BE17-DB9F66A685BA} = {C8AF9A02-3625-4538-9D8C-1F739CB277D3}
		{A44D8530-EE2E-4072-96D4-AF1E316AD406} = {C8AF9A02-3625-4538-9D8C-1F739CB277D3}
		{F6856C95-4E51-41BD-BFC8-4FD50BCD387E} = {0DE419D5-99CC-4D9F-B3D3-9668F54B158B}
		{493AF9B8-9A85-46AE-947A-30C65E7A26A2} = {0DE419D5-99CC-4D9F-B3D3-9668F54B158B}
	EndGlobalSection
	GlobalSection(ExtensibilityGlobals) = postSolution
		SolutionGuid = {61B1C3EC-FCCF-4E75-B727-60E14BCE0127}
	EndGlobalSection
EndGlobal
